version = 1
revision = 3
requires-python = ">=3.14"

[[package]]
name = "black"
version = "25.9.0"
source = { registry = "https://pypi.org/simple" }
dependencies = [
    { name = "click" },
    { name = "mypy-extensions" },
    { name = "packaging" },
    { name = "pathspec" },
    { name = "platformdirs" },
    { name = "pytokens" },
]
sdist = { url = "https://files.pythonhosted.org/packages/4b/43/20b5c90612d7bdb2bdbcceeb53d588acca3bb8f0e4c5d5c751a2c8fdd55a/black-25.9.0.tar.gz", hash = "sha256:0474bca9a0dd1b51791fcc507a4e02078a1c63f6d4e4ae5544b9848c7adfb619", size = 648393, upload-time = "2025-09-19T00:27:37.758Z" }
wheels = [
    { url = "https://files.pythonhosted.org/packages/1b/46/863c90dcd3f9d41b109b7f19032ae0db021f0b2a81482ba0a1e28c84de86/black-25.9.0-py3-none-any.whl", hash = "sha256:474b34c1342cdc157d307b56c4c65bce916480c4a8f6551fdc6bf9b486a7c4ae", size = 203363, upload-time = "2025-09-19T00:27:35.724Z" },
]

[[package]]
name = "click"
version = "8.3.0"
source = { registry = "https://pypi.org/simple" }
dependencies = [
    { name = "colorama", marker = "sys_platform == 'win32'" },
]
sdist = { url = "https://files.pythonhosted.org/packages/46/61/de6cd827efad202d7057d93e0fed9294b96952e188f7384832791c7b2254/click-8.3.0.tar.gz", hash = "sha256:e7b8232224eba16f4ebe410c25ced9f7875cb5f3263ffc93cc3e8da705e229c4", size = 276943, upload-time = "2025-09-18T17:32:23.696Z" }
wheels = [
    { url = "https://files.pythonhosted.org/packages/db/d3/9dcc0f5797f070ec8edf30fbadfb200e71d9db6b84d211e3b2085a7589a0/click-8.3.0-py3-none-any.whl", hash = "sha256:9b9f285302c6e3064f4330c05f05b81945b2a39544279343e6e7c5f27a9baddc", size = 107295, upload-time = "2025-09-18T17:32:22.42Z" },
]

[[package]]
name = "colorama"
version = "0.4.6"
source = { registry = "https://pypi.org/simple" }
sdist = { url = "https://files.pythonhosted.org/packages/d8/53/6f443c9a4a8358a93a6792e2acffb9d9d5cb0a5cfd8802644b7b1c9a02e4/colorama-0.4.6.tar.gz", hash = "sha256:08695f5cb7ed6e0531a20572697297273c47b8cae5a63ffc6d6ed5c201be6e44", size = 27697, upload-time = "2022-10-25T02:36:22.414Z" }
wheels = [
    { url = "https://files.pythonhosted.org/packages/d1/d6/3965ed04c63042e047cb6a3e6ed1a63a35087b6a609aa3a15ed8ac56c221/colorama-0.4.6-py2.py3-none-any.whl", hash = "sha256:4f1d9991f5acc0ca119f9d443620b77f9d6b33703e51011c16baf57afb285fc6", size = 25335, upload-time = "2022-10-25T02:36:20.889Z" },
]

[[package]]
name = "invoice-printer"
version = "0.1.0"
source = { virtual = "." }
dependencies = [
    { name = "black" },
    { name = "isort" },
    { name = "pyside6" },
    { name = "ruff" },
]

[package.metadata]
requires-dist = [
    { name = "black", specifier = ">=25.9.0" },
    { name = "isort", specifier = ">=7.0.0" },
    { name = "pyside6", specifier = ">=6.10.0" },
    { name = "ruff", specifier = ">=0.14.4" },
]

[[package]]
name = "isort"
version = "7.0.0"
source = { registry = "https://pypi.org/simple" }
sdist = { url = "https://files.pythonhosted.org/packages/63/53/4f3c058e3bace40282876f9b553343376ee687f3c35a525dc79dbd450f88/isort-7.0.0.tar.gz", hash = "sha256:5513527951aadb3ac4292a41a16cbc50dd1642432f5e8c20057d414bdafb4187", size = 805049, upload-time = "2025-10-11T13:30:59.107Z" }
wheels = [
    { url = "https://files.pythonhosted.org/packages/7f/ed/e3705d6d02b4f7aea715a353c8ce193efd0b5db13e204df895d38734c244/isort-7.0.0-py3-none-any.whl", hash = "sha256:1bcabac8bc3c36c7fb7b98a76c8abb18e0f841a3ba81decac7691008592499c1", size = 94672, upload-time = "2025-10-11T13:30:57.665Z" },
]

[[package]]
name = "mypy-extensions"
version = "1.1.0"
source = { registry = "https://pypi.org/simple" }
sdist = { url = "https://files.pythonhosted.org/packages/a2/6e/371856a3fb9d31ca8dac321cda606860fa4548858c0cc45d9d1d4ca2628b/mypy_extensions-1.1.0.tar.gz", hash = "sha256:52e68efc3284861e772bbcd66823fde5ae21fd2fdb51c62a211403730b916558", size = 6343, upload-time = "2025-04-22T14:54:24.164Z" }
wheels = [
    { url = "https://files.pythonhosted.org/packages/79/7b/2c79738432f5c924bef5071f933bcc9efd0473bac3b4aa584a6f7c1c8df8/mypy_extensions-1.1.0-py3-none-any.whl", hash = "sha256:1be4cccdb0f2482337c4743e60421de3a356cd97508abadd57d47403e94f5505", size = 4963, upload-time = "2025-04-22T14:54:22.983Z" },
]

[[package]]
name = "packaging"
version = "25.0"
source = { registry = "https://pypi.org/simple" }
sdist = { url = "https://files.pythonhosted.org/packages/a1/d4/1fc4078c65507b51b96ca8f8c3ba19e6a61c8253c72794544580a7b6c24d/packaging-25.0.tar.gz", hash = "sha256:d443872c98d677bf60f6a1f2f8c1cb748e8fe762d2bf9d3148b5599295b0fc4f", size = 165727, upload-time = "2025-04-19T11:48:59.673Z" }
wheels = [
    { url = "https://files.pythonhosted.org/packages/20/12/38679034af332785aac8774540895e234f4d07f7545804097de4b666afd8/packaging-25.0-py3-none-any.whl", hash = "sha256:29572ef2b1f17581046b3a2227d5c611fb25ec70ca1ba8554b24b0e69331a484", size = 66469, upload-time = "2025-04-19T11:48:57.875Z" },
]

[[package]]
name = "pathspec"
version = "0.12.1"
source = { registry = "https://pypi.org/simple" }
sdist = { url = "https://files.pythonhosted.org/packages/ca/bc/f35b8446f4531a7cb215605d100cd88b7ac6f44ab3fc94870c120ab3adbf/pathspec-0.12.1.tar.gz", hash = "sha256:a482d51503a1ab33b1c67a6c3813a26953dbdc71c31dacaef9a838c4e29f5712", size = 51043, upload-time = "2023-12-10T22:30:45Z" }
wheels = [
    { url = "https://files.pythonhosted.org/packages/cc/20/ff623b09d963f88bfde16306a54e12ee5ea43e9b597108672ff3a408aad6/pathspec-0.12.1-py3-none-any.whl", hash = "sha256:a0d503e138a4c123b27490a4f7beda6a01c6f288df0e4a8b79c7eb0dc7b4cc08", size = 31191, upload-time = "2023-12-10T22:30:43.14Z" },
]

[[package]]
name = "platformdirs"
version = "4.5.0"
source = { registry = "https://pypi.org/simple" }
sdist = { url = "https://files.pythonhosted.org/packages/61/33/9611380c2bdb1225fdef633e2a9610622310fed35ab11dac9620972ee088/platformdirs-4.5.0.tar.gz", hash = "sha256:70ddccdd7c99fc5942e9fc25636a8b34d04c24b335100223152c2803e4063312", size = 21632, upload-time = "2025-10-08T17:44:48.791Z" }
wheels = [
    { url = "https://files.pythonhosted.org/packages/73/cb/ac7874b3e5d58441674fb70742e6c374b28b0c7cb988d37d991cde47166c/platformdirs-4.5.0-py3-none-any.whl", hash = "sha256:e578a81bb873cbb89a41fcc904c7ef523cc18284b7e3b3ccf06aca1403b7ebd3", size = 18651, upload-time = "2025-10-08T17:44:47.223Z" },
]

[[package]]
name = "pyside6"
version = "6.10.0"
source = { registry = "https://pypi.org/simple" }
dependencies = [
    { name = "pyside6-addons" },
    { name = "pyside6-essentials" },
    { name = "shiboken6" },
]
wheels = [
    { url = "https://files.pythonhosted.org/packages/e6/98/84b16f78b5d92dd234fb1eb9890a350a5b0c83d985bb8c44a92f813a2d02/pyside6-6.10.0-cp39-abi3-macosx_13_0_universal2.whl", hash = "sha256:c2cbc5dc2a164e3c7c51b3435e24203e90e5edd518c865466afccbd2e5872bb0", size = 558115, upload-time = "2025-10-08T09:47:09.246Z" },
    { url = "https://files.pythonhosted.org/packages/4e/76/0961c8c5653ecb60a6881b649dcb6b71a6be5bd1c8d441ecc48ac7f50b1a/pyside6-6.10.0-cp39-abi3-manylinux_2_34_x86_64.whl", hash = "sha256:ae8c3c8339cd7c3c9faa7cc5c52670dcc8662ccf4b63a6fed61c6345b90c4c01", size = 557762, upload-time = "2025-10-08T09:47:11.819Z" },
    { url = "https://files.pythonhosted.org/packages/c8/73/6187502fff8b6599443d15c46dd900b2ded24be5aacb2becce33f6faf566/pyside6-6.10.0-cp39-abi3-manylinux_2_39_aarch64.whl", hash = "sha256:9f402f883e640048fab246d36e298a5e16df9b18ba2e8c519877e472d3602820", size = 558299, upload-time = "2025-10-08T09:47:14.255Z" },
    { url = "https://files.pythonhosted.org/packages/43/67/94794ebaf198bbdb35cb77f19f38370f9b323b036ab149874bc33c38faab/pyside6-6.10.0-cp39-abi3-win_amd64.whl", hash = "sha256:70a8bcc73ea8d6baab70bba311eac77b9a1d31f658d0b418e15eb6ea36c97e6f", size = 564367, upload-time = "2025-10-08T09:47:16.287Z" },
    { url = "https://files.pythonhosted.org/packages/1d/cc/552331d413c1b933d54ed45e33cc7ff29d0b239677975fe2528e7ac8bfbc/pyside6-6.10.0-cp39-abi3-win_arm64.whl", hash = "sha256:4b709bdeeb89d386059343a5a706fc185cee37b517bda44c7d6b64d5fdaf3339", size = 548826, upload-time = "2025-10-08T09:47:18.399Z" },
]

[[package]]
name = "pyside6-addons"
version = "6.10.0"
source = { registry = "https://pypi.org/simple" }
dependencies = [
    { name = "pyside6-essentials" },
    { name = "shiboken6" },
]
wheels = [
    { url = "https://files.pythonhosted.org/packages/47/23/9fbdec2ce16244ac3fe28e6d44c39c70465c93a03325939a792fd00fde7f/pyside6_addons-6.10.0-cp39-abi3-macosx_13_0_universal2.whl", hash = "sha256:88e61e21ee4643cdd9efb39ec52f4dc1ac74c0b45c5b7fa453d03c094f0a8a5c", size = 322248256, upload-time = "2025-10-08T09:47:37.844Z" },
    { url = "https://files.pythonhosted.org/packages/b7/b8/d129210f2c7366b4e1bf5bb6230be42052b29e8ba1b1d7db6ef333cf5a39/pyside6_addons-6.10.0-cp39-abi3-manylinux_2_34_x86_64.whl", hash = "sha256:08d4ed46c4c9a353a9eb84134678f8fdd4ce17fb8cce2b3686172a7575025464", size = 170238987, upload-time = "2025-10-08T09:47:51.446Z" },
    { url = "https://files.pythonhosted.org/packages/cf/ae/ede1edd009395092219f3437d2ee59f9ba93739c28c040542ed47c6cc831/pyside6_addons-6.10.0-cp39-abi3-manylinux_2_39_aarch64.whl", hash = "sha256:15d32229d681be0bba1b936c4a300da43d01e1917ada5b57f9e03a387c245ab0", size = 165939425, upload-time = "2025-10-08T09:48:02.073Z" },
    { url = "https://files.pythonhosted.org/packages/7d/5d/a3c32f85ac7f905c95679967c0ddda0ba043c273b75623cc90d8185064e4/pyside6_addons-6.10.0-cp39-abi3-win_amd64.whl", hash = "sha256:99d93a32c17c5f6d797c3b90dd58f2a8bae13abde81e85802c34ceafaee11859", size = 164814172, upload-time = "2025-10-08T09:48:12.891Z" },
    { url = "https://files.pythonhosted.org/packages/a3/2a/4ff71b09571202c8e1320c45276fc1d0cd81ee53107dfc17bb22d4243f88/pyside6_addons-6.10.0-cp39-abi3-win_arm64.whl", hash = "sha256:92536427413f3b6557cf53f1a515cd766725ee46a170aff57ad2ff1dfce0ffb1", size = 34104251, upload-time = "2025-10-08T09:48:18.287Z" },
]

[[package]]
name = "pyside6-essentials"
version = "6.10.0"
source = { registry = "https://pypi.org/simple" }
dependencies = [
    { name = "shiboken6" },
]
wheels = [
    { url = "https://files.pythonhosted.org/packages/e5/55/bad02ab890c8b8101abef0db4a2e5304be78a69e23a438e4d8555b664467/pyside6_essentials-6.10.0-cp39-abi3-macosx_13_0_universal2.whl", hash = "sha256:003e871effe1f3e5b876bde715c15a780d876682005a6e989d89f48b8b93e93a", size = 105034090, upload-time = "2025-10-08T09:48:24.944Z" },
    { url = "https://files.pythonhosted.org/packages/5c/75/e17efc7eb900993e0e3925885635c6cf373c817196f09bcbcc102b00ac94/pyside6_essentials-6.10.0-cp39-abi3-manylinux_2_34_x86_64.whl", hash = "sha256:1d5e013a8698e37ab8ef360e6960794eb5ef20832a8d562e649b8c5a0574b2d8", size = 76362150, upload-time = "2025-10-08T09:48:31.849Z" },
    { url = "https://files.pythonhosted.org/packages/06/62/fbd1e81caafcda97b147c03f5b06cfaadd8da5fa8298f527d2ec648fa5b7/pyside6_essentials-6.10.0-cp39-abi3-manylinux_2_39_aarch64.whl", hash = "sha256:b1dd0864f0577a448fb44426b91cafff7ee7cccd1782ba66491e1c668033f998", size = 75454169, upload-time = "2025-10-08T09:48:38.21Z" },
    { url = "https://files.pythonhosted.org/packages/bb/3a/d8211d17e6ca70f641c6ebd309f08ef18930acda60e74082c75875a274da/pyside6_essentials-6.10.0-cp39-abi3-win_amd64.whl", hash = "sha256:fc167eb211dd1580e20ba90d299e74898e7a5a1306d832421e879641fc03b6fe", size = 74361794, upload-time = "2025-10-08T09:48:44.335Z" },
    { url = "https://files.pythonhosted.org/packages/61/e9/0e22e3c10325c4ff09447fadb43f7962afb82cef0b65358f5704251c6b32/pyside6_essentials-6.10.0-cp39-abi3-win_arm64.whl", hash = "sha256:6dd0936394cb14da2fd8e869899f5e0925a738b1c8d74c2f22503720ea363fb1", size = 55099467, upload-time = "2025-10-08T09:48:50.902Z" },
]

[[package]]
name = "pytokens"
version = "0.3.0"
source = { registry = "https://pypi.org/simple" }
sdist = { url = "https://files.pythonhosted.org/packages/4e/8d/a762be14dae1c3bf280202ba3172020b2b0b4c537f94427435f19c413b72/pytokens-0.3.0.tar.gz", hash = "sha256:2f932b14ed08de5fcf0b391ace2642f858f1394c0857202959000b68ed7a458a", size = 17644, upload-time = "2025-11-05T13:36:35.34Z" }
wheels = [
    { url = "https://files.pythonhosted.org/packages/84/25/d9db8be44e205a124f6c98bc0324b2bb149b7431c53877fc6d1038dddaf5/pytokens-0.3.0-py3-none-any.whl", hash = "sha256:95b2b5eaf832e469d141a378872480ede3f251a5a5041b8ec6e581d3ac71bbf3", size = 12195, upload-time = "2025-11-05T13:36:33.183Z" },
]

[[package]]
name = "ruff"
version = "0.14.4"
source = { registry = "https://pypi.org/simple" }
sdist = { url = "https://files.pythonhosted.org/packages/df/55/cccfca45157a2031dcbb5a462a67f7cf27f8b37d4b3b1cd7438f0f5c1df6/ruff-0.14.4.tar.gz", hash = "sha256:f459a49fe1085a749f15414ca76f61595f1a2cc8778ed7c279b6ca2e1fd19df3", size = 5587844, upload-time = "2025-11-06T22:07:45.033Z" }
wheels = [
    { url = "https://files.pythonhosted.org/packages/17/b9/67240254166ae1eaa38dec32265e9153ac53645a6c6670ed36ad00722af8/ruff-0.14.4-py3-none-linux_armv6l.whl", hash = "sha256:e6604613ffbcf2297cd5dcba0e0ac9bd0c11dc026442dfbb614504e87c349518", size = 12606781, upload-time = "2025-11-06T22:07:01.841Z" },
    { url = "https://files.pythonhosted.org/packages/46/c8/09b3ab245d8652eafe5256ab59718641429f68681ee713ff06c5c549f156/ruff-0.14.4-py3-none-macosx_10_12_x86_64.whl", hash = "sha256:d99c0b52b6f0598acede45ee78288e5e9b4409d1ce7f661f0fa36d4cbeadf9a4", size = 12946765, upload-time = "2025-11-06T22:07:05.858Z" },
    { url = "https://files.pythonhosted.org/packages/14/bb/1564b000219144bf5eed2359edc94c3590dd49d510751dad26202c18a17d/ruff-0.14.4-py3-none-macosx_11_0_arm64.whl", hash = "sha256:9358d490ec030f1b51d048a7fd6ead418ed0826daf6149e95e30aa67c168af33", size = 11928120, upload-time = "2025-11-06T22:07:08.023Z" },
    { url = "https://files.pythonhosted.org/packages/a3/92/d5f1770e9988cc0742fefaa351e840d9aef04ec24ae1be36f333f96d5704/ruff-0.14.4-py3-none-manylinux_2_17_aarch64.manylinux2014_aarch64.whl", hash = "sha256:81b40d27924f1f02dfa827b9c0712a13c0e4b108421665322218fc38caf615c2", size = 12370877, upload-time = "2025-11-06T22:07:10.015Z" },
    { url = "https://files.pythonhosted.org/packages/e2/29/e9282efa55f1973d109faf839a63235575519c8ad278cc87a182a366810e/ruff-0.14.4-py3-none-manylinux_2_17_armv7l.manylinux2014_armv7l.whl", hash = "sha256:f5e649052a294fe00818650712083cddc6cc02744afaf37202c65df9ea52efa5", size = 12408538, upload-time = "2025-11-06T22:07:13.085Z" },
    { url = "https://files.pythonhosted.org/packages/8e/01/930ed6ecfce130144b32d77d8d69f5c610e6d23e6857927150adf5d7379a/ruff-0.14.4-py3-none-manylinux_2_17_i686.manylinux2014_i686.whl", hash = "sha256:aa082a8f878deeba955531f975881828fd6afd90dfa757c2b0808aadb437136e", size = 13141942, upload-time = "2025-11-06T22:07:15.386Z" },
    { url = "https://files.pythonhosted.org/packages/6a/46/a9c89b42b231a9f487233f17a89cbef9d5acd538d9488687a02ad288fa6b/ruff-0.14.4-py3-none-manylinux_2_17_ppc64.manylinux2014_ppc64.whl", hash = "sha256:1043c6811c2419e39011890f14d0a30470f19d47d197c4858b2787dfa698f6c8", size = 14544306, upload-time = "2025-11-06T22:07:17.631Z" },
    { url = "https://files.pythonhosted.org/packages/78/96/9c6cf86491f2a6d52758b830b89b78c2ae61e8ca66b86bf5a20af73d20e6/ruff-0.14.4-py3-none-manylinux_2_17_ppc64le.manylinux2014_ppc64le.whl", hash = "sha256:a9f3a936ac27fb7c2a93e4f4b943a662775879ac579a433291a6f69428722649", size = 14210427, upload-time = "2025-11-06T22:07:19.832Z" },
    { url = "https://files.pythonhosted.org/packages/71/f4/0666fe7769a54f63e66404e8ff698de1dcde733e12e2fd1c9c6efb689cb5/ruff-0.14.4-py3-none-manylinux_2_17_s390x.manylinux2014_s390x.whl", hash = "sha256:95643ffd209ce78bc113266b88fba3d39e0461f0cbc8b55fb92505030fb4a850", size = 13658488, upload-time = "2025-11-06T22:07:22.32Z" },
    { url = "https://files.pythonhosted.org/packages/ee/79/6ad4dda2cfd55e41ac9ed6d73ef9ab9475b1eef69f3a85957210c74ba12c/ruff-0.14.4-py3-none-manylinux_2_17_x86_64.manylinux2014_x86_64.whl", hash = "sha256:456daa2fa1021bc86ca857f43fe29d5d8b3f0e55e9f90c58c317c1dcc2afc7b5", size = 13354908, upload-time = "2025-11-06T22:07:24.347Z" },
    { url = "https://files.pythonhosted.org/packages/b5/60/f0b6990f740bb15c1588601d19d21bcc1bd5de4330a07222041678a8e04f/ruff-0.14.4-py3-none-manylinux_2_31_riscv64.whl", hash = "sha256:f911bba769e4a9f51af6e70037bb72b70b45a16db5ce73e1f72aefe6f6d62132", size = 13587803, upload-time = "2025-11-06T22:07:26.327Z" },
    { url = "https://files.pythonhosted.org/packages/c9/da/eaaada586f80068728338e0ef7f29ab3e4a08a692f92eb901a4f06bbff24/ruff-0.14.4-py3-none-musllinux_1_2_aarch64.whl", hash = "sha256:76158a7369b3979fa878612c623a7e5430c18b2fd1c73b214945c2d06337db67", size = 12279654, upload-time = "2025-11-06T22:07:28.46Z" },
    { url = "https://files.pythonhosted.org/packages/66/d4/b1d0e82cf9bf8aed10a6d45be47b3f402730aa2c438164424783ac88c0ed/ruff-0.14.4-py3-none-musllinux_1_2_armv7l.whl", hash = "sha256:f3b8f3b442d2b14c246e7aeca2e75915159e06a3540e2f4bed9f50d062d24469", size = 12357520, upload-time = "2025-11-06T22:07:31.468Z" },
    { url = "https://files.pythonhosted.org/packages/04/f4/53e2b42cc82804617e5c7950b7079d79996c27e99c4652131c6a1100657f/ruff-0.14.4-py3-none-musllinux_1_2_i686.whl", hash = "sha256:c62da9a06779deecf4d17ed04939ae8b31b517643b26370c3be1d26f3ef7dbde", size = 12719431, upload-time = "2025-11-06T22:07:33.831Z" },
    { url = "https://files.pythonhosted.org/packages/a2/94/80e3d74ed9a72d64e94a7b7706b1c1ebaa315ef2076fd33581f6a1cd2f95/ruff-0.14.4-py3-none-musllinux_1_2_x86_64.whl", hash = "sha256:5a443a83a1506c684e98acb8cb55abaf3ef725078be40237463dae4463366349", size = 13464394, upload-time = "2025-11-06T22:07:35.905Z" },
    { url = "https://files.pythonhosted.org/packages/54/1a/a49f071f04c42345c793d22f6cf5e0920095e286119ee53a64a3a3004825/ruff-0.14.4-py3-none-win32.whl", hash = "sha256:643b69cb63cd996f1fc7229da726d07ac307eae442dd8974dbc7cf22c1e18fff", size = 12493429, upload-time = "2025-11-06T22:07:38.43Z" },
    { url = "https://files.pythonhosted.org/packages/bc/22/e58c43e641145a2b670328fb98bc384e20679b5774258b1e540207580266/ruff-0.14.4-py3-none-win_amd64.whl", hash = "sha256:26673da283b96fe35fa0c939bf8411abec47111644aa9f7cfbd3c573fb125d2c", size = 13635380, upload-time = "2025-11-06T22:07:40.496Z" },
    { url = "https://files.pythonhosted.org/packages/30/bd/4168a751ddbbf43e86544b4de8b5c3b7be8d7167a2a5cb977d274e04f0a1/ruff-0.14.4-py3-none-win_arm64.whl", hash = "sha256:dd09c292479596b0e6fec8cd95c65c3a6dc68e9ad17b8f2382130f87ff6a75bb", size = 12663065, upload-time = "2025-11-06T22:07:42.603Z" },
]

[[package]]
name = "shiboken6"
version = "6.10.0"
source = { registry = "https://pypi.org/simple" }
wheels = [
    { url = "https://files.pythonhosted.org/packages/fd/78/3e730aea82089dd82b1e092bc265778bda329459e6ad9b7134eec5fff3f2/shiboken6-6.10.0-cp39-abi3-macosx_13_0_universal2.whl", hash = "sha256:7a5f5f400ebfb3a13616030815708289c2154e701a60b9db7833b843e0bee543", size = 476535, upload-time = "2025-10-08T09:49:08Z" },
    { url = "https://files.pythonhosted.org/packages/ea/09/4ffa3284a17b6b765d45b41c9a7f1b2cde6c617c853ac6f170fb62bbbece/shiboken6-6.10.0-cp39-abi3-manylinux_2_34_x86_64.whl", hash = "sha256:e612734da515d683696980107cdc0396a3ae0f07b059f0f422ec8a2333810234", size = 271098, upload-time = "2025-10-08T09:49:09.47Z" },
    { url = "https://files.pythonhosted.org/packages/31/29/00e26f33a0fb259c2edce9c761a7a438d7531ca514bdb1a4c072673bd437/shiboken6-6.10.0-cp39-abi3-manylinux_2_39_aarch64.whl", hash = "sha256:b01377e68d14132360efb0f4b7233006d26aa8ae9bb50edf00960c2a5f52d148", size = 267698, upload-time = "2025-10-08T09:49:10.694Z" },
    { url = "https://files.pythonhosted.org/packages/11/30/e4624a7e3f0dc9796b701079b77defcce0d32d1afc86bb1d0df04bc3d9e2/shiboken6-6.10.0-cp39-abi3-win_amd64.whl", hash = "sha256:0bc5631c1bf150cbef768a17f5f289aae1cb4db6c6b0c19b2421394e27783717", size = 1234227, upload-time = "2025-10-08T09:49:12.774Z" },
    { url = "https://files.pythonhosted.org/packages/dd/e5/0ab862005ea87dc8647ba958a3099b3b0115fd6491c65da5c5a0f6364db1/shiboken6-6.10.0-cp39-abi3-win_arm64.whl", hash = "sha256:dfc4beab5fec7dbbebbb418f3bf99af865d6953aa0795435563d4cbb82093b61", size = 1794775, upload-time = "2025-10-08T09:49:14.641Z" },
]
